# This file is automatically @generated by Cargo.
# It is not intended for manual editing.
[[package]]
name = "ev3dev-lang-rust"
version = "0.4.1"
source = "registry+https://github.com/rust-lang/crates.io-index"

[[package]]
name = "ev3rust-poc"
version = "0.1.0"
dependencies = [
 "ev3dev-lang-rust 0.4.1 (registry+https://github.com/rust-lang/crates.io-index)",
]

[metadata]
"checksum ev3dev-lang-rust 0.4.1 (registry+https://github.com/rust-lang/crates.io-index)" = "9f8064b7bdde3b6ca777faa09e398f331db1736983da1ee9ca61a47b6190face"
