[[package]]
name = "ev3dev-lang-rust"
version = "0.4.0"
source = "registry+https://github.com/rust-lang/crates.io-index"

[[package]]
name = "ev3rust-poc"
version = "0.1.0"
dependencies = [
 "ev3dev-lang-rust 0.4.0 (registry+https://github.com/rust-lang/crates.io-index)",
]

[metadata]
"checksum ev3dev-lang-rust 0.4.0 (registry+https://github.com/rust-lang/crates.io-index)" = "ac6e79ff0a64c0f11e3c24804ff05f50c26c1edf55714ebce4f00cecabb35d6c"
